
Microsoft Visual Studio Solution File, Format Version 12.00
# Visual Studio Version 16
VisualStudioVersion = 16.0.30611.23
MinimumVisualStudioVersion = 10.0.40219.1
Project("{FAE04EC0-301F-11D3-BF4B-00C04F79EFBC}") = "Task1.1", "Task1.1\Task1.1.csproj", "{9E2EBE4F-1893-48BC-883A-E7A1E5F62122}"
EndProject
Global
	GlobalSection(SolutionConfigurationPlatforms) = preSolution
		Debug|Any CPU = Debug|Any CPU
		Release|Any CPU = Release|Any CPU
	EndGlobalSection
	GlobalSection(ProjectConfigurationPlatforms) = postSolution
		{9E2EBE4F-1893-48BC-883A-E7A1E5F62122}.Debug|Any CPU.ActiveCfg = Debug|Any CPU
		{9E2EBE4F-1893-48BC-883A-E7A1E5F62122}.Debug|Any CPU.Build.0 = Debug|Any CPU
		{9E2EBE4F-1893-48BC-883A-E7A1E5F62122}.Release|Any CPU.ActiveCfg = Release|Any CPU
		{9E2EBE4F-1893-48BC-883A-E7A1E5F62122}.Release|Any CPU.Build.0 = Release|Any CPU
	EndGlobalSection
	GlobalSection(SolutionProperties) = preSolution
		HideSolutionNode = FALSE
	EndGlobalSection
	GlobalSection(ExtensibilityGlobals) = postSolution
		SolutionGuid = {A1E40B8B-EB62-4F28-9D1E-3705FED5BB1F}
	EndGlobalSection
EndGlobal
